{
  "name": "resume-example",
  "lockfileVersion": 2,
  "requires": true,
  "packages": {
    "": {
      "dependencies": {
        "@fontsource-variable/outfit": "^5.0.2"
      }
    },
    "node_modules/@fontsource-variable/outfit": {
      "version": "5.0.2",
      "resolved": "https://registry.npmjs.org/@fontsource-variable/outfit/-/outfit-5.0.2.tgz",
      "integrity": "sha512-r/vx4NoNV3nxUxQ1PIDJux6ZK8tZB0F09N8DM3xHjI9TP8DrIMPa4VZBUStD2gNZjlcJOqhzuMWZA8regx/hsw=="
    }
  },
  "dependencies": {
    "@fontsource-variable/outfit": {
      "version": "5.0.2",
      "resolved": "https://registry.npmjs.org/@fontsource-variable/outfit/-/outfit-5.0.2.tgz",
      "integrity": "sha512-r/vx4NoNV3nxUxQ1PIDJux6ZK8tZB0F09N8DM3xHjI9TP8DrIMPa4VZBUStD2gNZjlcJOqhzuMWZA8regx/hsw=="
    }
  }
}
